
Microsoft Visual Studio Solution File, Format Version 12.00
# Visual Studio 14
VisualStudioVersion = 14.0.25123.0
MinimumVisualStudioVersion = 10.0.40219.1
Project("{FAE04EC0-301F-11D3-BF4B-00C04F79EFBC}") = "Serilog.POC.ConsoleLogGen", "Serilog.POC.ConsoleLogGen\Serilog.POC.ConsoleLogGen.csproj", "{FE800237-6155-47E7-9EF0-F7DA9216C6C6}"
EndProject
Project("{FAE04EC0-301F-11D3-BF4B-00C04F79EFBC}") = "Serilog.POC.Logger", "Serilog.POC.Logger\Serilog.POC.Logger.csproj", "{5DC309A5-2BFD-494A-8E79-E50D348BB380}"
EndProject
Global
	GlobalSection(SolutionConfigurationPlatforms) = preSolution
		Debug|Any CPU = Debug|Any CPU
		Release|Any CPU = Release|Any CPU
	EndGlobalSection
	GlobalSection(ProjectConfigurationPlatforms) = postSolution
		{FE800237-6155-47E7-9EF0-F7DA9216C6C6}.Debug|Any CPU.ActiveCfg = Debug|Any CPU
		{FE800237-6155-47E7-9EF0-F7DA9216C6C6}.Debug|Any CPU.Build.0 = Debug|Any CPU
		{FE800237-6155-47E7-9EF0-F7DA9216C6C6}.Release|Any CPU.ActiveCfg = Release|Any CPU
		{FE800237-6155-47E7-9EF0-F7DA9216C6C6}.Release|Any CPU.Build.0 = Release|Any CPU
		{5DC309A5-2BFD-494A-8E79-E50D348BB380}.Debug|Any CPU.ActiveCfg = Debug|Any CPU
		{5DC309A5-2BFD-494A-8E79-E50D348BB380}.Debug|Any CPU.Build.0 = Debug|Any CPU
		{5DC309A5-2BFD-494A-8E79-E50D348BB380}.Release|Any CPU.ActiveCfg = Release|Any CPU
		{5DC309A5-2BFD-494A-8E79-E50D348BB380}.Release|Any CPU.Build.0 = Release|Any CPU
	EndGlobalSection
	GlobalSection(SolutionProperties) = preSolution
		HideSolutionNode = FALSE
	EndGlobalSection
EndGlobal
